// !$*UTF8*$!
{
	archiveVersion = 1;
	classes = {
	};
	objectVersion = 50;
	objects = {

/* Begin PBXBuildFile section */
		093AE41324B1190900B126E2 /* AppDelegate.swift in Sources */ = {isa = PBXBuildFile; fileRef = 093AE41224B1190900B126E2 /* AppDelegate.swift */; };
		093AE41524B1190900B126E2 /* SceneDelegate.swift in Sources */ = {isa = PBXBuildFile; fileRef = 093AE41424B1190900B126E2 /* SceneDelegate.swift */; };
		093AE41724B1190900B126E2 /* ContentView.swift in Sources */ = {isa = PBXBuildFile; fileRef = 093AE41624B1190900B126E2 /* ContentView.swift */; };
		093AE41924B1190B00B126E2 /* Assets.xcassets in Resources */ = {isa = PBXBuildFile; fileRef = 093AE41824B1190B00B126E2 /* Assets.xcassets */; };
		093AE41C24B1190B00B126E2 /* Preview Assets.xcassets in Resources */ = {isa = PBXBuildFile; fileRef = 093AE41B24B1190B00B126E2 /* Preview Assets.xcassets */; };
		093AE41F24B1190B00B126E2 /* LaunchScreen.storyboard in Resources */ = {isa = PBXBuildFile; fileRef = 093AE41D24B1190B00B126E2 /* LaunchScreen.storyboard */; };
		093AE43524B1190B00B126E2 /* DiscogsStreamerUITests.swift in Sources */ = {isa = PBXBuildFile; fileRef = 093AE43424B1190B00B126E2 /* DiscogsStreamerUITests.swift */; };
		093AE44424B11A2500B126E2 /* DiscogsService.swift in Sources */ = {isa = PBXBuildFile; fileRef = 093AE44324B11A2500B126E2 /* DiscogsService.swift */; };
		093AE44824B11C1C00B126E2 /* Folder.swift in Sources */ = {isa = PBXBuildFile; fileRef = 093AE44724B11C1C00B126E2 /* Folder.swift */; };
		093AE44B24B11D8500B126E2 /* FolderTests.swift in Sources */ = {isa = PBXBuildFile; fileRef = 093AE44A24B11D8500B126E2 /* FolderTests.swift */; };
		093AE44E24B11EC300B126E2 /* BrowserCoordinator.swift in Sources */ = {isa = PBXBuildFile; fileRef = 093AE44D24B11EC300B126E2 /* BrowserCoordinator.swift */; };
		093AE45024B11F9B00B126E2 /* MainCoordinator.swift in Sources */ = {isa = PBXBuildFile; fileRef = 093AE44F24B11F9B00B126E2 /* MainCoordinator.swift */; };
		093AE45224B11FE100B126E2 /* CoordinatorTests.swift in Sources */ = {isa = PBXBuildFile; fileRef = 093AE45124B11FE100B126E2 /* CoordinatorTests.swift */; };
		093AE45524B1208A00B126E2 /* MockDiscogsService.swift in Sources */ = {isa = PBXBuildFile; fileRef = 093AE45424B1208A00B126E2 /* MockDiscogsService.swift */; };
		093AE45724B1212400B126E2 /* MockRemoteMethod.swift in Sources */ = {isa = PBXBuildFile; fileRef = 093AE45624B1212400B126E2 /* MockRemoteMethod.swift */; };
		093AE45A24B12E7D00B126E2 /* BaseViewController.swift in Sources */ = {isa = PBXBuildFile; fileRef = 093AE45924B12E7D00B126E2 /* BaseViewController.swift */; };
		093AE45D24B12EE900B126E2 /* BrowserViewController.swift in Sources */ = {isa = PBXBuildFile; fileRef = 093AE45C24B12EE900B126E2 /* BrowserViewController.swift */; };
		093AE45F24B1312400B126E2 /* XCTestCase+Extensions.swift in Sources */ = {isa = PBXBuildFile; fileRef = 093AE45E24B1312400B126E2 /* XCTestCase+Extensions.swift */; };
		093AE46124B13E4D00B126E2 /* DiscogsClient.swift in Sources */ = {isa = PBXBuildFile; fileRef = 093AE46024B13E4D00B126E2 /* DiscogsClient.swift */; };
		093AE46324B1415400B126E2 /* Environment.swift in Sources */ = {isa = PBXBuildFile; fileRef = 093AE46224B1415300B126E2 /* Environment.swift */; };
		093AE46624B1476400B126E2 /* URLSessionDataTaskPublisher+Extensions.swift in Sources */ = {isa = PBXBuildFile; fileRef = 093AE46524B1476400B126E2 /* URLSessionDataTaskPublisher+Extensions.swift */; };
		093AE46824B1480F00B126E2 /* DiscogsClientTests.swift in Sources */ = {isa = PBXBuildFile; fileRef = 093AE46724B1480F00B126E2 /* DiscogsClientTests.swift */; };
		093AE46A24B1517400B126E2 /* Publisher+Extensions.swift in Sources */ = {isa = PBXBuildFile; fileRef = 093AE46924B1517400B126E2 /* Publisher+Extensions.swift */; };
		093AE46C24B156F900B126E2 /* Fixtures.swift in Sources */ = {isa = PBXBuildFile; fileRef = 093AE46B24B156F900B126E2 /* Fixtures.swift */; };
		093AE47824B15A2C00B126E2 /* Fixtures in Resources */ = {isa = PBXBuildFile; fileRef = 093AE47724B15A2B00B126E2 /* Fixtures */; };
		093AE47D24B2398600B126E2 /* Release.swift in Sources */ = {isa = PBXBuildFile; fileRef = 093AE47C24B2398600B126E2 /* Release.swift */; };
		093AE48024B23AF300B126E2 /* BrowserDataSource.swift in Sources */ = {isa = PBXBuildFile; fileRef = 093AE47F24B23AF300B126E2 /* BrowserDataSource.swift */; };
		093AE48224B23B7500B126E2 /* Browseable.swift in Sources */ = {isa = PBXBuildFile; fileRef = 093AE48124B23B7500B126E2 /* Browseable.swift */; };
		093AE48624B24C9800B126E2 /* ReleaseTests.swift in Sources */ = {isa = PBXBuildFile; fileRef = 093AE48524B24C9800B126E2 /* ReleaseTests.swift */; };
		09F1CBC924B263FF007B676A /* Artist.swift in Sources */ = {isa = PBXBuildFile; fileRef = 09F1CBC824B263FF007B676A /* Artist.swift */; };
		09F1CBCB24B26447007B676A /* RecordLabel.swift in Sources */ = {isa = PBXBuildFile; fileRef = 09F1CBCA24B26447007B676A /* RecordLabel.swift */; };
/* End PBXBuildFile section */

/* Begin PBXContainerItemProxy section */
		093AE42624B1190B00B126E2 /* PBXContainerItemProxy */ = {
			isa = PBXContainerItemProxy;
			containerPortal = 093AE40724B1190900B126E2 /* Project object */;
			proxyType = 1;
			remoteGlobalIDString = 093AE40E24B1190900B126E2;
			remoteInfo = DiscogsStreamer;
		};
		093AE43124B1190B00B126E2 /* PBXContainerItemProxy */ = {
			isa = PBXContainerItemProxy;
			containerPortal = 093AE40724B1190900B126E2 /* Project object */;
			proxyType = 1;
			remoteGlobalIDString = 093AE40E24B1190900B126E2;
			remoteInfo = DiscogsStreamer;
		};
/* End PBXContainerItemProxy section */

/* Begin PBXFileReference section */
		093AE40F24B1190900B126E2 /* DiscogsStreamer.app */ = {isa = PBXFileReference; explicitFileType = wrapper.application; includeInIndex = 0; path = DiscogsStreamer.app; sourceTree = BUILT_PRODUCTS_DIR; };
		093AE41224B1190900B126E2 /* AppDelegate.swift */ = {isa = PBXFileReference; lastKnownFileType = sourcecode.swift; path = AppDelegate.swift; sourceTree = "<group>"; };
		093AE41424B1190900B126E2 /* SceneDelegate.swift */ = {isa = PBXFileReference; lastKnownFileType = sourcecode.swift; path = SceneDelegate.swift; sourceTree = "<group>"; };
		093AE41624B1190900B126E2 /* ContentView.swift */ = {isa = PBXFileReference; lastKnownFileType = sourcecode.swift; path = ContentView.swift; sourceTree = "<group>"; };
		093AE41824B1190B00B126E2 /* Assets.xcassets */ = {isa = PBXFileReference; lastKnownFileType = folder.assetcatalog; path = Assets.xcassets; sourceTree = "<group>"; };
		093AE41B24B1190B00B126E2 /* Preview Assets.xcassets */ = {isa = PBXFileReference; lastKnownFileType = folder.assetcatalog; path = "Preview Assets.xcassets"; sourceTree = "<group>"; };
		093AE41E24B1190B00B126E2 /* Base */ = {isa = PBXFileReference; lastKnownFileType = file.storyboard; name = Base; path = Base.lproj/LaunchScreen.storyboard; sourceTree = "<group>"; };
		093AE42024B1190B00B126E2 /* Info.plist */ = {isa = PBXFileReference; lastKnownFileType = text.plist.xml; path = Info.plist; sourceTree = "<group>"; };
		093AE42524B1190B00B126E2 /* DiscogsStreamerTests.xctest */ = {isa = PBXFileReference; explicitFileType = wrapper.cfbundle; includeInIndex = 0; path = DiscogsStreamerTests.xctest; sourceTree = BUILT_PRODUCTS_DIR; };
		093AE42B24B1190B00B126E2 /* Info.plist */ = {isa = PBXFileReference; lastKnownFileType = text.plist.xml; path = Info.plist; sourceTree = "<group>"; };
		093AE43024B1190B00B126E2 /* DiscogsStreamerUITests.xctest */ = {isa = PBXFileReference; explicitFileType = wrapper.cfbundle; includeInIndex = 0; path = DiscogsStreamerUITests.xctest; sourceTree = BUILT_PRODUCTS_DIR; };
		093AE43424B1190B00B126E2 /* DiscogsStreamerUITests.swift */ = {isa = PBXFileReference; lastKnownFileType = sourcecode.swift; path = DiscogsStreamerUITests.swift; sourceTree = "<group>"; };
		093AE43624B1190B00B126E2 /* Info.plist */ = {isa = PBXFileReference; lastKnownFileType = text.plist.xml; path = Info.plist; sourceTree = "<group>"; };
		093AE44324B11A2500B126E2 /* DiscogsService.swift */ = {isa = PBXFileReference; lastKnownFileType = sourcecode.swift; path = DiscogsService.swift; sourceTree = "<group>"; };
		093AE44724B11C1C00B126E2 /* Folder.swift */ = {isa = PBXFileReference; lastKnownFileType = sourcecode.swift; path = Folder.swift; sourceTree = "<group>"; };
		093AE44A24B11D8500B126E2 /* FolderTests.swift */ = {isa = PBXFileReference; lastKnownFileType = sourcecode.swift; path = FolderTests.swift; sourceTree = "<group>"; };
		093AE44D24B11EC300B126E2 /* BrowserCoordinator.swift */ = {isa = PBXFileReference; lastKnownFileType = sourcecode.swift; path = BrowserCoordinator.swift; sourceTree = "<group>"; };
		093AE44F24B11F9B00B126E2 /* MainCoordinator.swift */ = {isa = PBXFileReference; lastKnownFileType = sourcecode.swift; path = MainCoordinator.swift; sourceTree = "<group>"; };
		093AE45124B11FE100B126E2 /* CoordinatorTests.swift */ = {isa = PBXFileReference; lastKnownFileType = sourcecode.swift; path = CoordinatorTests.swift; sourceTree = "<group>"; };
		093AE45424B1208A00B126E2 /* MockDiscogsService.swift */ = {isa = PBXFileReference; lastKnownFileType = sourcecode.swift; path = MockDiscogsService.swift; sourceTree = "<group>"; };
		093AE45624B1212400B126E2 /* MockRemoteMethod.swift */ = {isa = PBXFileReference; lastKnownFileType = sourcecode.swift; path = MockRemoteMethod.swift; sourceTree = "<group>"; };
		093AE45924B12E7D00B126E2 /* BaseViewController.swift */ = {isa = PBXFileReference; lastKnownFileType = sourcecode.swift; path = BaseViewController.swift; sourceTree = "<group>"; };
		093AE45C24B12EE900B126E2 /* BrowserViewController.swift */ = {isa = PBXFileReference; lastKnownFileType = sourcecode.swift; path = BrowserViewController.swift; sourceTree = "<group>"; };
		093AE45E24B1312400B126E2 /* XCTestCase+Extensions.swift */ = {isa = PBXFileReference; fileEncoding = 4; lastKnownFileType = sourcecode.swift; path = "XCTestCase+Extensions.swift"; sourceTree = "<group>"; };
		093AE46024B13E4D00B126E2 /* DiscogsClient.swift */ = {isa = PBXFileReference; lastKnownFileType = sourcecode.swift; path = DiscogsClient.swift; sourceTree = "<group>"; };
		093AE46224B1415300B126E2 /* Environment.swift */ = {isa = PBXFileReference; lastKnownFileType = sourcecode.swift; path = Environment.swift; sourceTree = "<group>"; };
		093AE46524B1476400B126E2 /* URLSessionDataTaskPublisher+Extensions.swift */ = {isa = PBXFileReference; fileEncoding = 4; lastKnownFileType = sourcecode.swift; path = "URLSessionDataTaskPublisher+Extensions.swift"; sourceTree = "<group>"; };
		093AE46724B1480F00B126E2 /* DiscogsClientTests.swift */ = {isa = PBXFileReference; lastKnownFileType = sourcecode.swift; path = DiscogsClientTests.swift; sourceTree = "<group>"; };
		093AE46924B1517400B126E2 /* Publisher+Extensions.swift */ = {isa = PBXFileReference; fileEncoding = 4; lastKnownFileType = sourcecode.swift; path = "Publisher+Extensions.swift"; sourceTree = "<group>"; };
		093AE46B24B156F900B126E2 /* Fixtures.swift */ = {isa = PBXFileReference; fileEncoding = 4; lastKnownFileType = sourcecode.swift; path = Fixtures.swift; sourceTree = "<group>"; };
		093AE47724B15A2B00B126E2 /* Fixtures */ = {isa = PBXFileReference; lastKnownFileType = folder; path = Fixtures; sourceTree = "<group>"; };
		093AE47C24B2398600B126E2 /* Release.swift */ = {isa = PBXFileReference; lastKnownFileType = sourcecode.swift; path = Release.swift; sourceTree = "<group>"; };
		093AE47F24B23AF300B126E2 /* BrowserDataSource.swift */ = {isa = PBXFileReference; lastKnownFileType = sourcecode.swift; path = BrowserDataSource.swift; sourceTree = "<group>"; };
		093AE48124B23B7500B126E2 /* Browseable.swift */ = {isa = PBXFileReference; lastKnownFileType = sourcecode.swift; path = Browseable.swift; sourceTree = "<group>"; };
		093AE48524B24C9800B126E2 /* ReleaseTests.swift */ = {isa = PBXFileReference; lastKnownFileType = sourcecode.swift; path = ReleaseTests.swift; sourceTree = "<group>"; };
		09F1CBC824B263FF007B676A /* Artist.swift */ = {isa = PBXFileReference; lastKnownFileType = sourcecode.swift; path = Artist.swift; sourceTree = "<group>"; };
		09F1CBCA24B26447007B676A /* RecordLabel.swift */ = {isa = PBXFileReference; lastKnownFileType = sourcecode.swift; path = RecordLabel.swift; sourceTree = "<group>"; };
/* End PBXFileReference section */

/* Begin PBXFrameworksBuildPhase section */
		093AE40C24B1190900B126E2 /* Frameworks */ = {
			isa = PBXFrameworksBuildPhase;
			buildActionMask = 2147483647;
			files = (
			);
			runOnlyForDeploymentPostprocessing = 0;
		};
		093AE42224B1190B00B126E2 /* Frameworks */ = {
			isa = PBXFrameworksBuildPhase;
			buildActionMask = 2147483647;
			files = (
			);
			runOnlyForDeploymentPostprocessing = 0;
		};
		093AE42D24B1190B00B126E2 /* Frameworks */ = {
			isa = PBXFrameworksBuildPhase;
			buildActionMask = 2147483647;
			files = (
			);
			runOnlyForDeploymentPostprocessing = 0;
		};
/* End PBXFrameworksBuildPhase section */

/* Begin PBXGroup section */
		093AE40624B1190900B126E2 = {
			isa = PBXGroup;
			children = (
				093AE41124B1190900B126E2 /* DiscogsStreamer */,
				093AE42824B1190B00B126E2 /* DiscogsStreamerTests */,
				093AE43324B1190B00B126E2 /* DiscogsStreamerUITests */,
				093AE41024B1190900B126E2 /* Products */,
			);
			sourceTree = "<group>";
		};
		093AE41024B1190900B126E2 /* Products */ = {
			isa = PBXGroup;
			children = (
				093AE40F24B1190900B126E2 /* DiscogsStreamer.app */,
				093AE42524B1190B00B126E2 /* DiscogsStreamerTests.xctest */,
				093AE43024B1190B00B126E2 /* DiscogsStreamerUITests.xctest */,
			);
			name = Products;
			sourceTree = "<group>";
		};
		093AE41124B1190900B126E2 /* DiscogsStreamer */ = {
			isa = PBXGroup;
			children = (
				093AE44224B11A0500B126E2 /* Browser */,
				093AE44524B11A3800B126E2 /* Common */,
				093AE41224B1190900B126E2 /* AppDelegate.swift */,
				093AE41424B1190900B126E2 /* SceneDelegate.swift */,
				093AE41624B1190900B126E2 /* ContentView.swift */,
				093AE41824B1190B00B126E2 /* Assets.xcassets */,
				093AE41D24B1190B00B126E2 /* LaunchScreen.storyboard */,
				093AE42024B1190B00B126E2 /* Info.plist */,
				093AE41A24B1190B00B126E2 /* Preview Content */,
			);
			path = DiscogsStreamer;
			sourceTree = "<group>";
		};
		093AE41A24B1190B00B126E2 /* Preview Content */ = {
			isa = PBXGroup;
			children = (
				093AE41B24B1190B00B126E2 /* Preview Assets.xcassets */,
			);
			path = "Preview Content";
			sourceTree = "<group>";
		};
		093AE42824B1190B00B126E2 /* DiscogsStreamerTests */ = {
			isa = PBXGroup;
			children = (
				093AE48424B24C6F00B126E2 /* Model */,
				093AE48324B24C6A00B126E2 /* Network */,
				093AE47724B15A2B00B126E2 /* Fixtures */,
				093AE45124B11FE100B126E2 /* CoordinatorTests.swift */,
				093AE42B24B1190B00B126E2 /* Info.plist */,
				093AE45324B1207C00B126E2 /* Utilities */,
			);
			path = DiscogsStreamerTests;
			sourceTree = "<group>";
		};
		093AE43324B1190B00B126E2 /* DiscogsStreamerUITests */ = {
			isa = PBXGroup;
			children = (
				093AE43424B1190B00B126E2 /* DiscogsStreamerUITests.swift */,
				093AE43624B1190B00B126E2 /* Info.plist */,
			);
			path = DiscogsStreamerUITests;
			sourceTree = "<group>";
		};
		093AE44224B11A0500B126E2 /* Browser */ = {
			isa = PBXGroup;
			children = (
				093AE44624B11C1200B126E2 /* Model */,
				093AE47E24B23AE400B126E2 /* DataSource */,
				093AE45B24B12EDE00B126E2 /* View */,
				093AE44C24B11EA900B126E2 /* Coordinator */,
			);
			path = Browser;
			sourceTree = "<group>";
		};
		093AE44524B11A3800B126E2 /* Common */ = {
			isa = PBXGroup;
			children = (
				093AE45824B12E6C00B126E2 /* BaseView */,
				093AE46424B1475300B126E2 /* Extensions */,
				093AE44924B11CC100B126E2 /* Service */,
				093AE46224B1415300B126E2 /* Environment.swift */,
			);
			path = Common;
			sourceTree = "<group>";
		};
		093AE44624B11C1200B126E2 /* Model */ = {
			isa = PBXGroup;
			children = (
				09F1CBC824B263FF007B676A /* Artist.swift */,
				093AE48124B23B7500B126E2 /* Browseable.swift */,
				093AE44724B11C1C00B126E2 /* Folder.swift */,
				09F1CBCA24B26447007B676A /* RecordLabel.swift */,
				093AE47C24B2398600B126E2 /* Release.swift */,
			);
			path = Model;
			sourceTree = "<group>";
		};
		093AE44924B11CC100B126E2 /* Service */ = {
			isa = PBXGroup;
			children = (
				093AE44324B11A2500B126E2 /* DiscogsService.swift */,
				093AE46024B13E4D00B126E2 /* DiscogsClient.swift */,
			);
			path = Service;
			sourceTree = "<group>";
		};
		093AE44C24B11EA900B126E2 /* Coordinator */ = {
			isa = PBXGroup;
			children = (
				093AE44D24B11EC300B126E2 /* BrowserCoordinator.swift */,
				093AE44F24B11F9B00B126E2 /* MainCoordinator.swift */,
			);
			path = Coordinator;
			sourceTree = "<group>";
		};
		093AE45324B1207C00B126E2 /* Utilities */ = {
			isa = PBXGroup;
			children = (
				093AE45424B1208A00B126E2 /* MockDiscogsService.swift */,
				093AE45624B1212400B126E2 /* MockRemoteMethod.swift */,
				093AE45E24B1312400B126E2 /* XCTestCase+Extensions.swift */,
				093AE46B24B156F900B126E2 /* Fixtures.swift */,
			);
			path = Utilities;
			sourceTree = "<group>";
		};
		093AE45824B12E6C00B126E2 /* BaseView */ = {
			isa = PBXGroup;
			children = (
				093AE45924B12E7D00B126E2 /* BaseViewController.swift */,
			);
			path = BaseView;
			sourceTree = "<group>";
		};
		093AE45B24B12EDE00B126E2 /* View */ = {
			isa = PBXGroup;
			children = (
				093AE45C24B12EE900B126E2 /* BrowserViewController.swift */,
			);
			path = View;
			sourceTree = "<group>";
		};
		093AE46424B1475300B126E2 /* Extensions */ = {
			isa = PBXGroup;
			children = (
				093AE46524B1476400B126E2 /* URLSessionDataTaskPublisher+Extensions.swift */,
				093AE46924B1517400B126E2 /* Publisher+Extensions.swift */,
			);
			path = Extensions;
			sourceTree = "<group>";
		};
		093AE47E24B23AE400B126E2 /* DataSource */ = {
			isa = PBXGroup;
			children = (
				093AE47F24B23AF300B126E2 /* BrowserDataSource.swift */,
			);
			path = DataSource;
			sourceTree = "<group>";
		};
		093AE48324B24C6A00B126E2 /* Network */ = {
			isa = PBXGroup;
			children = (
				093AE46724B1480F00B126E2 /* DiscogsClientTests.swift */,
			);
			path = Network;
			sourceTree = "<group>";
		};
		093AE48424B24C6F00B126E2 /* Model */ = {
			isa = PBXGroup;
			children = (
				093AE44A24B11D8500B126E2 /* FolderTests.swift */,
				093AE48524B24C9800B126E2 /* ReleaseTests.swift */,
			);
			path = Model;
			sourceTree = "<group>";
		};
/* End PBXGroup section */

/* Begin PBXNativeTarget section */
		093AE40E24B1190900B126E2 /* DiscogsStreamer */ = {
			isa = PBXNativeTarget;
			buildConfigurationList = 093AE43924B1190B00B126E2 /* Build configuration list for PBXNativeTarget "DiscogsStreamer" */;
			buildPhases = (
				093AE40B24B1190900B126E2 /* Sources */,
				093AE40C24B1190900B126E2 /* Frameworks */,
				093AE40D24B1190900B126E2 /* Resources */,
			);
			buildRules = (
			);
			dependencies = (
			);
			name = DiscogsStreamer;
			productName = DiscogsStreamer;
			productReference = 093AE40F24B1190900B126E2 /* DiscogsStreamer.app */;
			productType = "com.apple.product-type.application";
		};
		093AE42424B1190B00B126E2 /* DiscogsStreamerTests */ = {
			isa = PBXNativeTarget;
			buildConfigurationList = 093AE43C24B1190B00B126E2 /* Build configuration list for PBXNativeTarget "DiscogsStreamerTests" */;
			buildPhases = (
				093AE42124B1190B00B126E2 /* Sources */,
				093AE42224B1190B00B126E2 /* Frameworks */,
				093AE42324B1190B00B126E2 /* Resources */,
			);
			buildRules = (
			);
			dependencies = (
				093AE42724B1190B00B126E2 /* PBXTargetDependency */,
			);
			name = DiscogsStreamerTests;
			productName = DiscogsStreamerTests;
			productReference = 093AE42524B1190B00B126E2 /* DiscogsStreamerTests.xctest */;
			productType = "com.apple.product-type.bundle.unit-test";
		};
		093AE42F24B1190B00B126E2 /* DiscogsStreamerUITests */ = {
			isa = PBXNativeTarget;
			buildConfigurationList = 093AE43F24B1190B00B126E2 /* Build configuration list for PBXNativeTarget "DiscogsStreamerUITests" */;
			buildPhases = (
				093AE42C24B1190B00B126E2 /* Sources */,
				093AE42D24B1190B00B126E2 /* Frameworks */,
				093AE42E24B1190B00B126E2 /* Resources */,
			);
			buildRules = (
			);
			dependencies = (
				093AE43224B1190B00B126E2 /* PBXTargetDependency */,
			);
			name = DiscogsStreamerUITests;
			productName = DiscogsStreamerUITests;
			productReference = 093AE43024B1190B00B126E2 /* DiscogsStreamerUITests.xctest */;
			productType = "com.apple.product-type.bundle.ui-testing";
		};
/* End PBXNativeTarget section */

/* Begin PBXProject section */
		093AE40724B1190900B126E2 /* Project object */ = {
			isa = PBXProject;
			attributes = {
				LastSwiftUpdateCheck = 1150;
				LastUpgradeCheck = 1150;
				ORGANIZATIONNAME = "Spencer Miles";
				TargetAttributes = {
					093AE40E24B1190900B126E2 = {
						CreatedOnToolsVersion = 11.5;
					};
					093AE42424B1190B00B126E2 = {
						CreatedOnToolsVersion = 11.5;
						TestTargetID = 093AE40E24B1190900B126E2;
					};
					093AE42F24B1190B00B126E2 = {
						CreatedOnToolsVersion = 11.5;
						TestTargetID = 093AE40E24B1190900B126E2;
					};
				};
			};
			buildConfigurationList = 093AE40A24B1190900B126E2 /* Build configuration list for PBXProject "DiscogsStreamer" */;
			compatibilityVersion = "Xcode 9.3";
			developmentRegion = en;
			hasScannedForEncodings = 0;
			knownRegions = (
				en,
				Base,
			);
			mainGroup = 093AE40624B1190900B126E2;
			productRefGroup = 093AE41024B1190900B126E2 /* Products */;
			projectDirPath = "";
			projectRoot = "";
			targets = (
				093AE40E24B1190900B126E2 /* DiscogsStreamer */,
				093AE42424B1190B00B126E2 /* DiscogsStreamerTests */,
				093AE42F24B1190B00B126E2 /* DiscogsStreamerUITests */,
			);
		};
/* End PBXProject section */

/* Begin PBXResourcesBuildPhase section */
		093AE40D24B1190900B126E2 /* Resources */ = {
			isa = PBXResourcesBuildPhase;
			buildActionMask = 2147483647;
			files = (
				093AE41F24B1190B00B126E2 /* LaunchScreen.storyboard in Resources */,
				093AE41C24B1190B00B126E2 /* Preview Assets.xcassets in Resources */,
				093AE41924B1190B00B126E2 /* Assets.xcassets in Resources */,
			);
			runOnlyForDeploymentPostprocessing = 0;
		};
		093AE42324B1190B00B126E2 /* Resources */ = {
			isa = PBXResourcesBuildPhase;
			buildActionMask = 2147483647;
			files = (
				093AE47824B15A2C00B126E2 /* Fixtures in Resources */,
			);
			runOnlyForDeploymentPostprocessing = 0;
		};
		093AE42E24B1190B00B126E2 /* Resources */ = {
			isa = PBXResourcesBuildPhase;
			buildActionMask = 2147483647;
			files = (
			);
			runOnlyForDeploymentPostprocessing = 0;
		};
/* End PBXResourcesBuildPhase section */

/* Begin PBXSourcesBuildPhase section */
		093AE40B24B1190900B126E2 /* Sources */ = {
			isa = PBXSourcesBuildPhase;
			buildActionMask = 2147483647;
			files = (
				093AE44424B11A2500B126E2 /* DiscogsService.swift in Sources */,
				093AE47D24B2398600B126E2 /* Release.swift in Sources */,
				093AE45D24B12EE900B126E2 /* BrowserViewController.swift in Sources */,
				093AE45024B11F9B00B126E2 /* MainCoordinator.swift in Sources */,
				093AE44E24B11EC300B126E2 /* BrowserCoordinator.swift in Sources */,
				093AE44824B11C1C00B126E2 /* Folder.swift in Sources */,
				093AE48024B23AF300B126E2 /* BrowserDataSource.swift in Sources */,
				093AE46A24B1517400B126E2 /* Publisher+Extensions.swift in Sources */,
				093AE46124B13E4D00B126E2 /* DiscogsClient.swift in Sources */,
				093AE41324B1190900B126E2 /* AppDelegate.swift in Sources */,
				093AE46324B1415400B126E2 /* Environment.swift in Sources */,
				093AE48224B23B7500B126E2 /* Browseable.swift in Sources */,
				093AE46624B1476400B126E2 /* URLSessionDataTaskPublisher+Extensions.swift in Sources */,
				093AE45A24B12E7D00B126E2 /* BaseViewController.swift in Sources */,
				09F1CBC924B263FF007B676A /* Artist.swift in Sources */,
				093AE41524B1190900B126E2 /* SceneDelegate.swift in Sources */,
				093AE41724B1190900B126E2 /* ContentView.swift in Sources */,
				09F1CBCB24B26447007B676A /* RecordLabel.swift in Sources */,
			);
			runOnlyForDeploymentPostprocessing = 0;
		};
		093AE42124B1190B00B126E2 /* Sources */ = {
			isa = PBXSourcesBuildPhase;
			buildActionMask = 2147483647;
			files = (
				093AE44B24B11D8500B126E2 /* FolderTests.swift in Sources */,
				093AE48624B24C9800B126E2 /* ReleaseTests.swift in Sources */,
				093AE45524B1208A00B126E2 /* MockDiscogsService.swift in Sources */,
				093AE46C24B156F900B126E2 /* Fixtures.swift in Sources */,
				093AE46824B1480F00B126E2 /* DiscogsClientTests.swift in Sources */,
				093AE45724B1212400B126E2 /* MockRemoteMethod.swift in Sources */,
				093AE45F24B1312400B126E2 /* XCTestCase+Extensions.swift in Sources */,
				093AE45224B11FE100B126E2 /* CoordinatorTests.swift in Sources */,
			);
			runOnlyForDeploymentPostprocessing = 0;
		};
		093AE42C24B1190B00B126E2 /* Sources */ = {
			isa = PBXSourcesBuildPhase;
			buildActionMask = 2147483647;
			files = (
				093AE43524B1190B00B126E2 /* DiscogsStreamerUITests.swift in Sources */,
			);
			runOnlyForDeploymentPostprocessing = 0;
		};
/* End PBXSourcesBuildPhase section */

/* Begin PBXTargetDependency section */
		093AE42724B1190B00B126E2 /* PBXTargetDependency */ = {
			isa = PBXTargetDependency;
			target = 093AE40E24B1190900B126E2 /* DiscogsStreamer */;
			targetProxy = 093AE42624B1190B00B126E2 /* PBXContainerItemProxy */;
		};
		093AE43224B1190B00B126E2 /* PBXTargetDependency */ = {
			isa = PBXTargetDependency;
			target = 093AE40E24B1190900B126E2 /* DiscogsStreamer */;
			targetProxy = 093AE43124B1190B00B126E2 /* PBXContainerItemProxy */;
		};
/* End PBXTargetDependency section */

/* Begin PBXVariantGroup section */
		093AE41D24B1190B00B126E2 /* LaunchScreen.storyboard */ = {
			isa = PBXVariantGroup;
			children = (
				093AE41E24B1190B00B126E2 /* Base */,
			);
			name = LaunchScreen.storyboard;
			sourceTree = "<group>";
		};
/* End PBXVariantGroup section */

/* Begin XCBuildConfiguration section */
		093AE43724B1190B00B126E2 /* Debug */ = {
			isa = XCBuildConfiguration;
			buildSettings = {
				ALWAYS_SEARCH_USER_PATHS = NO;
				CLANG_ANALYZER_NONNULL = YES;
				CLANG_ANALYZER_NUMBER_OBJECT_CONVERSION = YES_AGGRESSIVE;
				CLANG_CXX_LANGUAGE_STANDARD = "gnu++14";
				CLANG_CXX_LIBRARY = "libc++";
				CLANG_ENABLE_MODULES = YES;
				CLANG_ENABLE_OBJC_ARC = YES;
				CLANG_ENABLE_OBJC_WEAK = YES;
				CLANG_WARN_BLOCK_CAPTURE_AUTORELEASING = YES;
				CLANG_WARN_BOOL_CONVERSION = YES;
				CLANG_WARN_COMMA = YES;
				CLANG_WARN_CONSTANT_CONVERSION = YES;
				CLANG_WARN_DEPRECATED_OBJC_IMPLEMENTATIONS = YES;
				CLANG_WARN_DIRECT_OBJC_ISA_USAGE = YES_ERROR;
				CLANG_WARN_DOCUMENTATION_COMMENTS = YES;
				CLANG_WARN_EMPTY_BODY = YES;
				CLANG_WARN_ENUM_CONVERSION = YES;
				CLANG_WARN_INFINITE_RECURSION = YES;
				CLANG_WARN_INT_CONVERSION = YES;
				CLANG_WARN_NON_LITERAL_NULL_CONVERSION = YES;
				CLANG_WARN_OBJC_IMPLICIT_RETAIN_SELF = YES;
				CLANG_WARN_OBJC_LITERAL_CONVERSION = YES;
				CLANG_WARN_OBJC_ROOT_CLASS = YES_ERROR;
				CLANG_WARN_RANGE_LOOP_ANALYSIS = YES;
				CLANG_WARN_STRICT_PROTOTYPES = YES;
				CLANG_WARN_SUSPICIOUS_MOVE = YES;
				CLANG_WARN_UNGUARDED_AVAILABILITY = YES_AGGRESSIVE;
				CLANG_WARN_UNREACHABLE_CODE = YES;
				CLANG_WARN__DUPLICATE_METHOD_MATCH = YES;
				COPY_PHASE_STRIP = NO;
				DEBUG_INFORMATION_FORMAT = dwarf;
				ENABLE_STRICT_OBJC_MSGSEND = YES;
				ENABLE_TESTABILITY = YES;
				GCC_C_LANGUAGE_STANDARD = gnu11;
				GCC_DYNAMIC_NO_PIC = NO;
				GCC_NO_COMMON_BLOCKS = YES;
				GCC_OPTIMIZATION_LEVEL = 0;
				GCC_PREPROCESSOR_DEFINITIONS = (
					"DEBUG=1",
					"$(inherited)",
				);
				GCC_WARN_64_TO_32_BIT_CONVERSION = YES;
				GCC_WARN_ABOUT_RETURN_TYPE = YES_ERROR;
				GCC_WARN_UNDECLARED_SELECTOR = YES;
				GCC_WARN_UNINITIALIZED_AUTOS = YES_AGGRESSIVE;
				GCC_WARN_UNUSED_FUNCTION = YES;
				GCC_WARN_UNUSED_VARIABLE = YES;
				IPHONEOS_DEPLOYMENT_TARGET = 13.5;
				MTL_ENABLE_DEBUG_INFO = INCLUDE_SOURCE;
				MTL_FAST_MATH = YES;
				ONLY_ACTIVE_ARCH = YES;
				SDKROOT = iphoneos;
				SWIFT_ACTIVE_COMPILATION_CONDITIONS = DEBUG;
				SWIFT_OPTIMIZATION_LEVEL = "-Onone";
			};
			name = Debug;
		};
		093AE43824B1190B00B126E2 /* Release */ = {
			isa = XCBuildConfiguration;
			buildSettings = {
				ALWAYS_SEARCH_USER_PATHS = NO;
				CLANG_ANALYZER_NONNULL = YES;
				CLANG_ANALYZER_NUMBER_OBJECT_CONVERSION = YES_AGGRESSIVE;
				CLANG_CXX_LANGUAGE_STANDARD = "gnu++14";
				CLANG_CXX_LIBRARY = "libc++";
				CLANG_ENABLE_MODULES = YES;
				CLANG_ENABLE_OBJC_ARC = YES;
				CLANG_ENABLE_OBJC_WEAK = YES;
				CLANG_WARN_BLOCK_CAPTURE_AUTORELEASING = YES;
				CLANG_WARN_BOOL_CONVERSION = YES;
				CLANG_WARN_COMMA = YES;
				CLANG_WARN_CONSTANT_CONVERSION = YES;
				CLANG_WARN_DEPRECATED_OBJC_IMPLEMENTATIONS = YES;
				CLANG_WARN_DIRECT_OBJC_ISA_USAGE = YES_ERROR;
				CLANG_WARN_DOCUMENTATION_COMMENTS = YES;
				CLANG_WARN_EMPTY_BODY = YES;
				CLANG_WARN_ENUM_CONVERSION = YES;
				CLANG_WARN_INFINITE_RECURSION = YES;
				CLANG_WARN_INT_CONVERSION = YES;
				CLANG_WARN_NON_LITERAL_NULL_CONVERSION = YES;
				CLANG_WARN_OBJC_IMPLICIT_RETAIN_SELF = YES;
				CLANG_WARN_OBJC_LITERAL_CONVERSION = YES;
				CLANG_WARN_OBJC_ROOT_CLASS = YES_ERROR;
				CLANG_WARN_RANGE_LOOP_ANALYSIS = YES;
				CLANG_WARN_STRICT_PROTOTYPES = YES;
				CLANG_WARN_SUSPICIOUS_MOVE = YES;
				CLANG_WARN_UNGUARDED_AVAILABILITY = YES_AGGRESSIVE;
				CLANG_WARN_UNREACHABLE_CODE = YES;
				CLANG_WARN__DUPLICATE_METHOD_MATCH = YES;
				COPY_PHASE_STRIP = NO;
				DEBUG_INFORMATION_FORMAT = "dwarf-with-dsym";
				ENABLE_NS_ASSERTIONS = NO;
				ENABLE_STRICT_OBJC_MSGSEND = YES;
				GCC_C_LANGUAGE_STANDARD = gnu11;
				GCC_NO_COMMON_BLOCKS = YES;
				GCC_WARN_64_TO_32_BIT_CONVERSION = YES;
				GCC_WARN_ABOUT_RETURN_TYPE = YES_ERROR;
				GCC_WARN_UNDECLARED_SELECTOR = YES;
				GCC_WARN_UNINITIALIZED_AUTOS = YES_AGGRESSIVE;
				GCC_WARN_UNUSED_FUNCTION = YES;
				GCC_WARN_UNUSED_VARIABLE = YES;
				IPHONEOS_DEPLOYMENT_TARGET = 13.5;
				MTL_ENABLE_DEBUG_INFO = NO;
				MTL_FAST_MATH = YES;
				SDKROOT = iphoneos;
				SWIFT_COMPILATION_MODE = wholemodule;
				SWIFT_OPTIMIZATION_LEVEL = "-O";
				VALIDATE_PRODUCT = YES;
			};
			name = Release;
		};
		093AE43A24B1190B00B126E2 /* Debug */ = {
			isa = XCBuildConfiguration;
			buildSettings = {
				ASSETCATALOG_COMPILER_APPICON_NAME = AppIcon;
				CODE_SIGN_STYLE = Automatic;
				DEVELOPMENT_ASSET_PATHS = "\"DiscogsStreamer/Preview Content\"";
				ENABLE_PREVIEWS = YES;
				INFOPLIST_FILE = DiscogsStreamer/Info.plist;
				LD_RUNPATH_SEARCH_PATHS = (
					"$(inherited)",
					"@executable_path/Frameworks",
				);
				PRODUCT_BUNDLE_IDENTIFIER = spencermiles.DiscogsStreamer;
				PRODUCT_NAME = "$(TARGET_NAME)";
				SWIFT_VERSION = 5.0;
				TARGETED_DEVICE_FAMILY = "1,2";
			};
			name = Debug;
		};
		093AE43B24B1190B00B126E2 /* Release */ = {
			isa = XCBuildConfiguration;
			buildSettings = {
				ASSETCATALOG_COMPILER_APPICON_NAME = AppIcon;
				CODE_SIGN_STYLE = Automatic;
				DEVELOPMENT_ASSET_PATHS = "\"DiscogsStreamer/Preview Content\"";
				ENABLE_PREVIEWS = YES;
				INFOPLIST_FILE = DiscogsStreamer/Info.plist;
				LD_RUNPATH_SEARCH_PATHS = (
					"$(inherited)",
					"@executable_path/Frameworks",
				);
				PRODUCT_BUNDLE_IDENTIFIER = spencermiles.DiscogsStreamer;
				PRODUCT_NAME = "$(TARGET_NAME)";
				SWIFT_VERSION = 5.0;
				TARGETED_DEVICE_FAMILY = "1,2";
			};
			name = Release;
		};
		093AE43D24B1190B00B126E2 /* Debug */ = {
			isa = XCBuildConfiguration;
			buildSettings = {
				ALWAYS_EMBED_SWIFT_STANDARD_LIBRARIES = YES;
				BUNDLE_LOADER = "$(TEST_HOST)";
				CODE_SIGN_STYLE = Automatic;
				INFOPLIST_FILE = DiscogsStreamerTests/Info.plist;
				IPHONEOS_DEPLOYMENT_TARGET = 13.5;
				LD_RUNPATH_SEARCH_PATHS = (
					"$(inherited)",
					"@executable_path/Frameworks",
					"@loader_path/Frameworks",
				);
				PRODUCT_BUNDLE_IDENTIFIER = spencermiles.DiscogsStreamerTests;
				PRODUCT_NAME = "$(TARGET_NAME)";
				SWIFT_VERSION = 5.0;
				TARGETED_DEVICE_FAMILY = "1,2";
				TEST_HOST = "$(BUILT_PRODUCTS_DIR)/DiscogsStreamer.app/DiscogsStreamer";
			};
			name = Debug;
		};
		093AE43E24B1190B00B126E2 /* Release */ = {
			isa = XCBuildConfiguration;
			buildSettings = {
				ALWAYS_EMBED_SWIFT_STANDARD_LIBRARIES = YES;
				BUNDLE_LOADER = "$(TEST_HOST)";
				CODE_SIGN_STYLE = Automatic;
				INFOPLIST_FILE = DiscogsStreamerTests/Info.plist;
				IPHONEOS_DEPLOYMENT_TARGET = 13.5;
				LD_RUNPATH_SEARCH_PATHS = (
					"$(inherited)",
					"@executable_path/Frameworks",
					"@loader_path/Frameworks",
				);
				PRODUCT_BUNDLE_IDENTIFIER = spencermiles.DiscogsStreamerTests;
				PRODUCT_NAME = "$(TARGET_NAME)";
				SWIFT_VERSION = 5.0;
				TARGETED_DEVICE_FAMILY = "1,2";
				TEST_HOST = "$(BUILT_PRODUCTS_DIR)/DiscogsStreamer.app/DiscogsStreamer";
			};
			name = Release;
		};
		093AE44024B1190B00B126E2 /* Debug */ = {
			isa = XCBuildConfiguration;
			buildSettings = {
				ALWAYS_EMBED_SWIFT_STANDARD_LIBRARIES = YES;
				CODE_SIGN_STYLE = Automatic;
				INFOPLIST_FILE = DiscogsStreamerUITests/Info.plist;
				LD_RUNPATH_SEARCH_PATHS = (
					"$(inherited)",
					"@executable_path/Frameworks",
					"@loader_path/Frameworks",
				);
				PRODUCT_BUNDLE_IDENTIFIER = spencermiles.DiscogsStreamerUITests;
				PRODUCT_NAME = "$(TARGET_NAME)";
				SWIFT_VERSION = 5.0;
				TARGETED_DEVICE_FAMILY = "1,2";
				TEST_TARGET_NAME = DiscogsStreamer;
			};
			name = Debug;
		};
		093AE44124B1190B00B126E2 /* Release */ = {
			isa = XCBuildConfiguration;
			buildSettings = {
				ALWAYS_EMBED_SWIFT_STANDARD_LIBRARIES = YES;
				CODE_SIGN_STYLE = Automatic;
				INFOPLIST_FILE = DiscogsStreamerUITests/Info.plist;
				LD_RUNPATH_SEARCH_PATHS = (
					"$(inherited)",
					"@executable_path/Frameworks",
					"@loader_path/Frameworks",
				);
				PRODUCT_BUNDLE_IDENTIFIER = spencermiles.DiscogsStreamerUITests;
				PRODUCT_NAME = "$(TARGET_NAME)";
				SWIFT_VERSION = 5.0;
				TARGETED_DEVICE_FAMILY = "1,2";
				TEST_TARGET_NAME = DiscogsStreamer;
			};
			name = Release;
		};
/* End XCBuildConfiguration section */

/* Begin XCConfigurationList section */
		093AE40A24B1190900B126E2 /* Build configuration list for PBXProject "DiscogsStreamer" */ = {
			isa = XCConfigurationList;
			buildConfigurations = (
				093AE43724B1190B00B126E2 /* Debug */,
				093AE43824B1190B00B126E2 /* Release */,
			);
			defaultConfigurationIsVisible = 0;
			defaultConfigurationName = Release;
		};
		093AE43924B1190B00B126E2 /* Build configuration list for PBXNativeTarget "DiscogsStreamer" */ = {
			isa = XCConfigurationList;
			buildConfigurations = (
				093AE43A24B1190B00B126E2 /* Debug */,
				093AE43B24B1190B00B126E2 /* Release */,
			);
			defaultConfigurationIsVisible = 0;
			defaultConfigurationName = Release;
		};
		093AE43C24B1190B00B126E2 /* Build configuration list for PBXNativeTarget "DiscogsStreamerTests" */ = {
			isa = XCConfigurationList;
			buildConfigurations = (
				093AE43D24B1190B00B126E2 /* Debug */,
				093AE43E24B1190B00B126E2 /* Release */,
			);
			defaultConfigurationIsVisible = 0;
			defaultConfigurationName = Release;
		};
		093AE43F24B1190B00B126E2 /* Build configuration list for PBXNativeTarget "DiscogsStreamerUITests" */ = {
			isa = XCConfigurationList;
			buildConfigurations = (
				093AE44024B1190B00B126E2 /* Debug */,
				093AE44124B1190B00B126E2 /* Release */,
			);
			defaultConfigurationIsVisible = 0;
			defaultConfigurationName = Release;
		};
/* End XCConfigurationList section */
	};
	rootObject = 093AE40724B1190900B126E2 /* Project object */;
}
